{
  "version": 4,
  "terraform_version": "0.12.24",
  "serial": 10,
  "lineage": "98c2dfd6-2631-fb25-2bf9-5586dba2fcd6",
  "outputs": {},
  "resources": [
    {
      "mode": "managed",
      "type": "vcd_vapp",
      "name": "vApp_L7LB",
      "provider": "provider.vcd",
      "instances": [
        {
          "schema_version": 0,
          "attributes": {
            "accept_all_eulas": true,
            "catalog_name": null,
            "cpus": null,
            "description": "",
            "guest_properties": {},
            "href": "https://vmw.a1.by/api/vApp/vapp-a7f8b6ff-02bd-43a6-91f7-d1083a81d3fb",
            "id": "urn:vcloud:vapp:a7f8b6ff-02bd-43a6-91f7-d1083a81d3fb",
            "initscript": null,
            "ip": "allocated",
            "memory": null,
            "metadata": {},
            "name": "vApp_L7LB",
            "network_name": null,
            "org": null,
            "ovf": null,
            "power_on": true,
            "status": 4,
            "status_text": "POWERED_ON",
            "storage_profile": null,
            "template_name": null,
            "vdc": null
          },
          "private": "bnVsbA=="
        }
      ]
    },
    {
      "mode": "managed",
      "type": "vcd_vapp_org_network",
      "name": "dmz-network",
      "provider": "provider.vcd",
      "instances": [
        {
          "schema_version": 0,
          "attributes": {
            "firewall_enabled": false,
            "id": "cc5f8dc0-075c-4d62-adac-fada6850bdbf",
            "is_fenced": false,
            "nat_enabled": false,
            "org": null,
            "org_network_name": "dmz-network",
            "retain_ip_mac_enabled": false,
            "vapp_name": "vApp_L7LB",
            "vdc": null
          },
          "private": "bnVsbA==",
          "dependencies": [
            "vcd_vapp.vApp_L7LB"
          ]
        }
      ]
    },
    {
      "mode": "managed",
      "type": "vcd_vapp_vm",
      "name": "smpay-t-l7lb-1",
      "provider": "provider.vcd",
      "instances": [
        {
          "schema_version": 0,
          "attributes": {
            "accept_all_eulas": true,
            "catalog_name": "templates",
            "computer_name": "smpay-t-l7lb-1",
            "cpu_cores": 1,
            "cpus": 1,
            "customization": [
              {
                "admin_password": "",
                "allow_local_admin_password": false,
                "auto_generate_password": true,
                "change_sid": false,
                "enabled": true,
                "force": false,
                "initscript": "",
                "join_domain": false,
                "join_domain_account_ou": "",
                "join_domain_name": "",
                "join_domain_password": "",
                "join_domain_user": "",
                "join_org_domain": false,
                "must_change_password_on_first_login": false,
                "number_of_auto_logons": 0
              }
            ],
            "description": "swap on",
            "disk": [],
            "expose_hardware_virtualization": false,
            "guest_properties": {},
            "href": "https://vmw.a1.by/api/vApp/vm-814df382-e19b-4dda-83cf-fe42ed81c78f",
            "id": "urn:vcloud:vm:814df382-e19b-4dda-83cf-fe42ed81c78f",
            "initscript": null,
            "internal_disk": [
              {
                "bus_number": 0,
                "bus_type": "parallel",
                "disk_id": "2000",
                "iops": 0,
                "size_in_mb": 20480,
                "storage_profile": "c01-cl02-Tier-2",
                "thin_provisioned": false,
                "unit_number": 0
              }
            ],
            "ip": null,
            "mac": null,
            "memory": 1024,
            "metadata": {
              "env": "stage",
              "role": "l7lb",
              "version": "1.0"
            },
            "name": "smpay-t-l7lb-1",
            "network": [
              {
                "adapter_type": "VMXNET3",
                "ip": "192.168.191.100",
                "ip_allocation_mode": "POOL",
                "is_primary": true,
                "mac": "00:50:56:01:1d:21",
                "name": "dmz-network",
                "type": "org"
              }
            ],
            "network_dhcp_wait_seconds": null,
            "network_href": null,
            "network_name": null,
            "org": null,
            "override_template_disk": [],
            "power_on": true,
            "storage_profile": "c01-cl02-Tier-2",
            "template_name": "c8-web-tmpl-a1",
            "vapp_name": "vApp_L7LB",
            "vapp_network_name": null,
            "vdc": null
          },
          "private": "bnVsbA==",
          "dependencies": [
            "vcd_vapp_org_network.dmz-network"
          ]
        }
      ]
    },
    {
      "mode": "managed",
      "type": "vcd_vapp_vm",
      "name": "smpay-t-l7lb-2",
      "provider": "provider.vcd",
      "instances": [
        {
          "schema_version": 0,
          "attributes": {
            "accept_all_eulas": true,
            "catalog_name": "templates",
            "computer_name": "smpay-t-l7lb-2",
            "cpu_cores": 1,
            "cpus": 2,
            "customization": [
              {
                "admin_password": "",
                "allow_local_admin_password": false,
                "auto_generate_password": true,
                "change_sid": false,
                "enabled": true,
                "force": false,
                "initscript": "",
                "join_domain": false,
                "join_domain_account_ou": "",
                "join_domain_name": "",
                "join_domain_password": "",
                "join_domain_user": "",
                "join_org_domain": false,
                "must_change_password_on_first_login": false,
                "number_of_auto_logons": 0
              }
            ],
            "description": "swap on",
            "disk": [],
            "expose_hardware_virtualization": false,
            "guest_properties": {},
            "href": "https://vmw.a1.by/api/vApp/vm-75ba8555-5592-4362-808c-fdfd792c4444",
            "id": "urn:vcloud:vm:75ba8555-5592-4362-808c-fdfd792c4444",
            "initscript": null,
            "internal_disk": [
              {
                "bus_number": 0,
                "bus_type": "parallel",
                "disk_id": "2000",
                "iops": 0,
                "size_in_mb": 20480,
                "storage_profile": "c01-cl02-Tier-2",
                "thin_provisioned": false,
                "unit_number": 0
              }
            ],
            "ip": null,
            "mac": null,
            "memory": 1024,
            "metadata": {
              "env": "stage",
              "role": "l7lb",
              "version": "1.0"
            },
            "name": "smpay-t-l7lb-2",
            "network": [
              {
                "adapter_type": "VMXNET3",
                "ip": "192.168.191.98",
                "ip_allocation_mode": "POOL",
                "is_primary": true,
                "mac": "00:50:56:01:1d:1d",
                "name": "dmz-network",
                "type": "org"
              }
            ],
            "network_dhcp_wait_seconds": null,
            "network_href": null,
            "network_name": null,
            "org": null,
            "override_template_disk": [],
            "power_on": true,
            "storage_profile": "c01-cl02-Tier-2",
            "template_name": "c8-web-tmpl-a1",
            "vapp_name": "vApp_L7LB",
            "vapp_network_name": null,
            "vdc": null
          },
          "private": "bnVsbA==",
          "dependencies": [
            "vcd_vapp_org_network.dmz-network"
          ]
        }
      ]
    },
    {
      "mode": "managed",
      "type": "vcd_vapp_vm",
      "name": "smpay-t-l7lb-3",
      "provider": "provider.vcd",
      "instances": [
        {
          "schema_version": 0,
          "attributes": {
            "accept_all_eulas": true,
            "catalog_name": "templates",
            "computer_name": "smpay-t-l7lb-3",
            "cpu_cores": 1,
            "cpus": 2,
            "customization": [
              {
                "admin_password": "",
                "allow_local_admin_password": false,
                "auto_generate_password": true,
                "change_sid": false,
                "enabled": true,
                "force": false,
                "initscript": "",
                "join_domain": false,
                "join_domain_account_ou": "",
                "join_domain_name": "",
                "join_domain_password": "",
                "join_domain_user": "",
                "join_org_domain": false,
                "must_change_password_on_first_login": false,
                "number_of_auto_logons": 0
              }
            ],
            "description": "swap on",
            "disk": [],
            "expose_hardware_virtualization": false,
            "guest_properties": {},
            "href": "https://vmw.a1.by/api/vApp/vm-dc04ec0e-b405-4c99-9030-a32991135bae",
            "id": "urn:vcloud:vm:dc04ec0e-b405-4c99-9030-a32991135bae",
            "initscript": null,
            "internal_disk": [
              {
                "bus_number": 0,
                "bus_type": "parallel",
                "disk_id": "2000",
                "iops": 0,
                "size_in_mb": 20480,
                "storage_profile": "c01-cl02-Tier-2",
                "thin_provisioned": false,
                "unit_number": 0
              }
            ],
            "ip": null,
            "mac": null,
            "memory": 1024,
            "metadata": {
              "env": "stage",
              "role": "l7lb",
              "version": "1.0"
            },
            "name": "smpay-t-l7lb-3",
            "network": [
              {
                "adapter_type": "VMXNET3",
                "ip": "192.168.191.99",
                "ip_allocation_mode": "POOL",
                "is_primary": true,
                "mac": "00:50:56:01:1d:1f",
                "name": "dmz-network",
                "type": "org"
              }
            ],
            "network_dhcp_wait_seconds": null,
            "network_href": null,
            "network_name": null,
            "org": null,
            "override_template_disk": [],
            "power_on": true,
            "storage_profile": "c01-cl02-Tier-2",
            "template_name": "c8-web-tmpl-a1",
            "vapp_name": "vApp_L7LB",
            "vapp_network_name": null,
            "vdc": null
          },
          "private": "bnVsbA==",
          "dependencies": [
            "vcd_vapp_org_network.dmz-network"
          ]
        }
      ]
    }
  ]
}
