{
  "version": 4,
  "terraform_version": "0.12.24",
  "serial": 10,
  "lineage": "b86b04fe-8268-d5e8-8e82-effa77d15327",
  "outputs": {},
  "resources": [
    {
      "mode": "managed",
      "type": "vcd_vapp",
      "name": "vApp_PG",
      "provider": "provider.vcd",
      "instances": [
        {
          "schema_version": 0,
          "attributes": {
            "accept_all_eulas": true,
            "catalog_name": null,
            "cpus": null,
            "description": "",
            "guest_properties": {},
            "href": "https://vmw.a1.by/api/vApp/vapp-ff23b31e-0157-4bc7-b509-091a297386ff",
            "id": "urn:vcloud:vapp:ff23b31e-0157-4bc7-b509-091a297386ff",
            "initscript": null,
            "ip": "allocated",
            "memory": null,
            "metadata": {},
            "name": "vApp_PG",
            "network_name": null,
            "org": null,
            "ovf": null,
            "power_on": true,
            "status": 4,
            "status_text": "POWERED_ON",
            "storage_profile": null,
            "template_name": null,
            "vdc": null
          },
          "private": "bnVsbA=="
        }
      ]
    },
    {
      "mode": "managed",
      "type": "vcd_vapp_org_network",
      "name": "inside-network",
      "provider": "provider.vcd",
      "instances": [
        {
          "schema_version": 0,
          "attributes": {
            "firewall_enabled": false,
            "id": "3a4d912d-6bc4-48fb-9627-6cfe64692178",
            "is_fenced": false,
            "nat_enabled": false,
            "org": null,
            "org_network_name": "inside-network",
            "retain_ip_mac_enabled": false,
            "vapp_name": "vApp_PG",
            "vdc": null
          },
          "private": "bnVsbA==",
          "dependencies": [
            "vcd_vapp.vApp_PG"
          ]
        }
      ]
    },
    {
      "mode": "managed",
      "type": "vcd_vapp_vm",
      "name": "smpay-t-db-1",
      "provider": "provider.vcd",
      "instances": [
        {
          "schema_version": 0,
          "attributes": {
            "accept_all_eulas": true,
            "catalog_name": "templates",
            "computer_name": "smpay-t-pg-1",
            "cpu_cores": 1,
            "cpus": 1,
            "customization": [
              {
                "admin_password": "",
                "allow_local_admin_password": false,
                "auto_generate_password": true,
                "change_sid": false,
                "enabled": true,
                "force": false,
                "initscript": "",
                "join_domain": false,
                "join_domain_account_ou": "",
                "join_domain_name": "",
                "join_domain_password": "",
                "join_domain_user": "",
                "join_org_domain": false,
                "must_change_password_on_first_login": false,
                "number_of_auto_logons": 0
              }
            ],
            "description": "swap on",
            "disk": [],
            "expose_hardware_virtualization": false,
            "guest_properties": {},
            "href": "https://vmw.a1.by/api/vApp/vm-98256188-fba9-4da3-be20-77e435e3b2d6",
            "id": "urn:vcloud:vm:98256188-fba9-4da3-be20-77e435e3b2d6",
            "initscript": null,
            "internal_disk": [
              {
                "bus_number": 0,
                "bus_type": "parallel",
                "disk_id": "2000",
                "iops": 0,
                "size_in_mb": 20480,
                "storage_profile": "c01-cl02-Tier-2",
                "thin_provisioned": false,
                "unit_number": 0
              }
            ],
            "ip": null,
            "mac": null,
            "memory": 2048,
            "metadata": {
              "env": "stage",
              "role": "db",
              "version": "1.0"
            },
            "name": "smpay-t-pg-1",
            "network": [
              {
                "adapter_type": "VMXNET3",
                "ip": "172.17.18.99",
                "ip_allocation_mode": "POOL",
                "is_primary": true,
                "mac": "00:50:56:01:1d:31",
                "name": "inside-network",
                "type": "org"
              }
            ],
            "network_dhcp_wait_seconds": null,
            "network_href": null,
            "network_name": null,
            "org": null,
            "override_template_disk": [],
            "power_on": true,
            "storage_profile": "c01-cl02-Tier-2",
            "template_name": "c8-web-tmpl-a1",
            "vapp_name": "vApp_PG",
            "vapp_network_name": null,
            "vdc": null
          },
          "private": "bnVsbA==",
          "dependencies": [
            "vcd_vapp_org_network.inside-network"
          ]
        }
      ]
    },
    {
      "mode": "managed",
      "type": "vcd_vapp_vm",
      "name": "smpay-t-pg-2",
      "provider": "provider.vcd",
      "instances": [
        {
          "schema_version": 0,
          "attributes": {
            "accept_all_eulas": true,
            "catalog_name": "templates",
            "computer_name": "smpay-t-pg-2",
            "cpu_cores": 1,
            "cpus": 1,
            "customization": [
              {
                "admin_password": "",
                "allow_local_admin_password": false,
                "auto_generate_password": true,
                "change_sid": false,
                "enabled": true,
                "force": false,
                "initscript": "",
                "join_domain": false,
                "join_domain_account_ou": "",
                "join_domain_name": "",
                "join_domain_password": "",
                "join_domain_user": "",
                "join_org_domain": false,
                "must_change_password_on_first_login": false,
                "number_of_auto_logons": 0
              }
            ],
            "description": "swap on",
            "disk": [],
            "expose_hardware_virtualization": false,
            "guest_properties": {},
            "href": "https://vmw.a1.by/api/vApp/vm-c3cca7a8-86bb-4f78-bf51-6f1699d90c17",
            "id": "urn:vcloud:vm:c3cca7a8-86bb-4f78-bf51-6f1699d90c17",
            "initscript": null,
            "internal_disk": [
              {
                "bus_number": 0,
                "bus_type": "parallel",
                "disk_id": "2000",
                "iops": 0,
                "size_in_mb": 20480,
                "storage_profile": "c01-cl02-Tier-2",
                "thin_provisioned": false,
                "unit_number": 0
              }
            ],
            "ip": null,
            "mac": null,
            "memory": 2048,
            "metadata": {
              "env": "stage",
              "role": "db",
              "version": "1.0"
            },
            "name": "smpay-t-pg-2",
            "network": [
              {
                "adapter_type": "VMXNET3",
                "ip": "172.17.18.98",
                "ip_allocation_mode": "POOL",
                "is_primary": true,
                "mac": "00:50:56:01:1d:2f",
                "name": "inside-network",
                "type": "org"
              }
            ],
            "network_dhcp_wait_seconds": null,
            "network_href": null,
            "network_name": null,
            "org": null,
            "override_template_disk": [],
            "power_on": true,
            "storage_profile": "c01-cl02-Tier-2",
            "template_name": "c8-web-tmpl-a1",
            "vapp_name": "vApp_PG",
            "vapp_network_name": null,
            "vdc": null
          },
          "private": "bnVsbA==",
          "dependencies": [
            "vcd_vapp_org_network.inside-network"
          ]
        }
      ]
    },
    {
      "mode": "managed",
      "type": "vcd_vapp_vm",
      "name": "smpay-t-pg-3",
      "provider": "provider.vcd",
      "instances": [
        {
          "schema_version": 0,
          "attributes": {
            "accept_all_eulas": true,
            "catalog_name": "templates",
            "computer_name": "smpay-t-pg-3",
            "cpu_cores": 1,
            "cpus": 1,
            "customization": [
              {
                "admin_password": "",
                "allow_local_admin_password": false,
                "auto_generate_password": true,
                "change_sid": false,
                "enabled": true,
                "force": false,
                "initscript": "",
                "join_domain": false,
                "join_domain_account_ou": "",
                "join_domain_name": "",
                "join_domain_password": "",
                "join_domain_user": "",
                "join_org_domain": false,
                "must_change_password_on_first_login": false,
                "number_of_auto_logons": 0
              }
            ],
            "description": "swap on",
            "disk": [],
            "expose_hardware_virtualization": false,
            "guest_properties": {},
            "href": "https://vmw.a1.by/api/vApp/vm-56de84af-8c09-442d-9706-2f9154a234a5",
            "id": "urn:vcloud:vm:56de84af-8c09-442d-9706-2f9154a234a5",
            "initscript": null,
            "internal_disk": [
              {
                "bus_number": 0,
                "bus_type": "parallel",
                "disk_id": "2000",
                "iops": 0,
                "size_in_mb": 20480,
                "storage_profile": "c01-cl02-Tier-2",
                "thin_provisioned": false,
                "unit_number": 0
              }
            ],
            "ip": null,
            "mac": null,
            "memory": 2048,
            "metadata": {
              "env": "stage",
              "role": "db",
              "version": "1.0"
            },
            "name": "smpay-t-pg-3",
            "network": [
              {
                "adapter_type": "VMXNET3",
                "ip": "172.17.18.100",
                "ip_allocation_mode": "POOL",
                "is_primary": true,
                "mac": "00:50:56:01:1d:33",
                "name": "inside-network",
                "type": "org"
              }
            ],
            "network_dhcp_wait_seconds": null,
            "network_href": null,
            "network_name": null,
            "org": null,
            "override_template_disk": [],
            "power_on": true,
            "storage_profile": "c01-cl02-Tier-2",
            "template_name": "c8-web-tmpl-a1",
            "vapp_name": "vApp_PG",
            "vapp_network_name": null,
            "vdc": null
          },
          "private": "bnVsbA==",
          "dependencies": [
            "vcd_vapp_org_network.inside-network"
          ]
        }
      ]
    }
  ]
}
